
Microsoft Visual Studio Solution File, Format Version 12.00
# Visual Studio 15
VisualStudioVersion = 15.0.28307.168
MinimumVisualStudioVersion = 10.0.40219.1
Project("{FAE04EC0-301F-11D3-BF4B-00C04F79EFBC}") = "CAMSGHB.CAMS.API", "CAMSGHB.CAMS.API\CAMSGHB.CAMS.API.csproj", "{CBAE5982-2B9B-4456-ABD2-30ABDE00654D}"
EndProject
Global
	GlobalSection(SolutionConfigurationPlatforms) = preSolution
		Debug|Any CPU = Debug|Any CPU
		Release|Any CPU = Release|Any CPU
	EndGlobalSection
	GlobalSection(ProjectConfigurationPlatforms) = postSolution
		{CBAE5982-2B9B-4456-ABD2-30ABDE00654D}.Debug|Any CPU.ActiveCfg = Debug|Any CPU
		{CBAE5982-2B9B-4456-ABD2-30ABDE00654D}.Debug|Any CPU.Build.0 = Debug|Any CPU
		{CBAE5982-2B9B-4456-ABD2-30ABDE00654D}.Release|Any CPU.ActiveCfg = Release|Any CPU
		{CBAE5982-2B9B-4456-ABD2-30ABDE00654D}.Release|Any CPU.Build.0 = Release|Any CPU
	EndGlobalSection
	GlobalSection(SolutionProperties) = preSolution
		HideSolutionNode = FALSE
	EndGlobalSection
	GlobalSection(ExtensibilityGlobals) = postSolution
		SolutionGuid = {B09A0C11-10D2-4E51-A9B2-A5094E561C9F}
	EndGlobalSection
EndGlobal
